// !$*UTF8*$!
{
	archiveVersion = 1;
	classes = {
	};
	objectVersion = 46;
	objects = {

/* Begin PBXBuildFile section */
		A41BA39B18F134BA00D1A3C9 /* Foundation.framework in Frameworks */ = {isa = PBXBuildFile; fileRef = A41BA39A18F134BA00D1A3C9 /* Foundation.framework */; };
		A41BA39D18F134BA00D1A3C9 /* CoreGraphics.framework in Frameworks */ = {isa = PBXBuildFile; fileRef = A41BA39C18F134BA00D1A3C9 /* CoreGraphics.framework */; };
		A41BA39F18F134BA00D1A3C9 /* UIKit.framework in Frameworks */ = {isa = PBXBuildFile; fileRef = A41BA39E18F134BA00D1A3C9 /* UIKit.framework */; };
		A41BA3A518F134BA00D1A3C9 /* InfoPlist.strings in Resources */ = {isa = PBXBuildFile; fileRef = A41BA3A318F134BA00D1A3C9 /* InfoPlist.strings */; };
		A41BA3A718F134BA00D1A3C9 /* main.m in Sources */ = {isa = PBXBuildFile; fileRef = A41BA3A618F134BA00D1A3C9 /* main.m */; };
		A41BA3AB18F134BA00D1A3C9 /* AppDelegate.m in Sources */ = {isa = PBXBuildFile; fileRef = A41BA3AA18F134BA00D1A3C9 /* AppDelegate.m */; };
		A41BA3AE18F134BA00D1A3C9 /* Main_iPhone.storyboard in Resources */ = {isa = PBXBuildFile; fileRef = A41BA3AC18F134BA00D1A3C9 /* Main_iPhone.storyboard */; };
		A41BA3B118F134BA00D1A3C9 /* Main_iPad.storyboard in Resources */ = {isa = PBXBuildFile; fileRef = A41BA3AF18F134BA00D1A3C9 /* Main_iPad.storyboard */; };
		A41BA3B418F134BA00D1A3C9 /* ViewController.m in Sources */ = {isa = PBXBuildFile; fileRef = A41BA3B318F134BA00D1A3C9 /* ViewController.m */; };
		A41BA3B618F134BA00D1A3C9 /* Images.xcassets in Resources */ = {isa = PBXBuildFile; fileRef = A41BA3B518F134BA00D1A3C9 /* Images.xcassets */; };
		A41BA3BD18F134BA00D1A3C9 /* XCTest.framework in Frameworks */ = {isa = PBXBuildFile; fileRef = A41BA3BC18F134BA00D1A3C9 /* XCTest.framework */; };
		A41BA3BE18F134BA00D1A3C9 /* Foundation.framework in Frameworks */ = {isa = PBXBuildFile; fileRef = A41BA39A18F134BA00D1A3C9 /* Foundation.framework */; };
		A41BA3BF18F134BA00D1A3C9 /* UIKit.framework in Frameworks */ = {isa = PBXBuildFile; fileRef = A41BA39E18F134BA00D1A3C9 /* UIKit.framework */; };
		A41BA3C718F134BA00D1A3C9 /* InfoPlist.strings in Resources */ = {isa = PBXBuildFile; fileRef = A41BA3C518F134BA00D1A3C9 /* InfoPlist.strings */; };
		A41BA3C918F134BA00D1A3C9 /* CloseTheGarageTests.m in Sources */ = {isa = PBXBuildFile; fileRef = A41BA3C818F134BA00D1A3C9 /* CloseTheGarageTests.m */; };
/* End PBXBuildFile section */

/* Begin PBXContainerItemProxy section */
		A41BA3C018F134BA00D1A3C9 /* PBXContainerItemProxy */ = {
			isa = PBXContainerItemProxy;
			containerPortal = A41BA38F18F134BA00D1A3C9 /* Project object */;
			proxyType = 1;
			remoteGlobalIDString = A41BA39618F134BA00D1A3C9;
			remoteInfo = CloseTheGarage;
		};
/* End PBXContainerItemProxy section */

/* Begin PBXFileReference section */
		A41BA39718F134BA00D1A3C9 /* Close the Garage.app */ = {isa = PBXFileReference; explicitFileType = wrapper.application; includeInIndex = 0; path = "Close the Garage.app"; sourceTree = BUILT_PRODUCTS_DIR; };
		A41BA39A18F134BA00D1A3C9 /* Foundation.framework */ = {isa = PBXFileReference; lastKnownFileType = wrapper.framework; name = Foundation.framework; path = System/Library/Frameworks/Foundation.framework; sourceTree = SDKROOT; };
		A41BA39C18F134BA00D1A3C9 /* CoreGraphics.framework */ = {isa = PBXFileReference; lastKnownFileType = wrapper.framework; name = CoreGraphics.framework; path = System/Library/Frameworks/CoreGraphics.framework; sourceTree = SDKROOT; };
		A41BA39E18F134BA00D1A3C9 /* UIKit.framework */ = {isa = PBXFileReference; lastKnownFileType = wrapper.framework; name = UIKit.framework; path = System/Library/Frameworks/UIKit.framework; sourceTree = SDKROOT; };
		A41BA3A218F134BA00D1A3C9 /* CloseTheGarage-Info.plist */ = {isa = PBXFileReference; lastKnownFileType = text.plist.xml; path = "CloseTheGarage-Info.plist"; sourceTree = "<group>"; };
		A41BA3A418F134BA00D1A3C9 /* en */ = {isa = PBXFileReference; lastKnownFileType = text.plist.strings; name = en; path = en.lproj/InfoPlist.strings; sourceTree = "<group>"; };
		A41BA3A618F134BA00D1A3C9 /* main.m */ = {isa = PBXFileReference; lastKnownFileType = sourcecode.c.objc; path = main.m; sourceTree = "<group>"; };
		A41BA3A818F134BA00D1A3C9 /* CloseTheGarage-Prefix.pch */ = {isa = PBXFileReference; lastKnownFileType = sourcecode.c.h; path = "CloseTheGarage-Prefix.pch"; sourceTree = "<group>"; };
		A41BA3A918F134BA00D1A3C9 /* AppDelegate.h */ = {isa = PBXFileReference; lastKnownFileType = sourcecode.c.h; path = AppDelegate.h; sourceTree = "<group>"; };
		A41BA3AA18F134BA00D1A3C9 /* AppDelegate.m */ = {isa = PBXFileReference; lastKnownFileType = sourcecode.c.objc; path = AppDelegate.m; sourceTree = "<group>"; };
		A41BA3AD18F134BA00D1A3C9 /* Base */ = {isa = PBXFileReference; lastKnownFileType = file.storyboard; name = Base; path = Base.lproj/Main_iPhone.storyboard; sourceTree = "<group>"; };
		A41BA3B018F134BA00D1A3C9 /* Base */ = {isa = PBXFileReference; lastKnownFileType = file.storyboard; name = Base; path = Base.lproj/Main_iPad.storyboard; sourceTree = "<group>"; };
		A41BA3B218F134BA00D1A3C9 /* ViewController.h */ = {isa = PBXFileReference; lastKnownFileType = sourcecode.c.h; path = ViewController.h; sourceTree = "<group>"; };
		A41BA3B318F134BA00D1A3C9 /* ViewController.m */ = {isa = PBXFileReference; lastKnownFileType = sourcecode.c.objc; path = ViewController.m; sourceTree = "<group>"; };
		A41BA3B518F134BA00D1A3C9 /* Images.xcassets */ = {isa = PBXFileReference; lastKnownFileType = folder.assetcatalog; path = Images.xcassets; sourceTree = "<group>"; };
		A41BA3BB18F134BA00D1A3C9 /* CloseTheGarageTests.xctest */ = {isa = PBXFileReference; explicitFileType = wrapper.cfbundle; includeInIndex = 0; path = CloseTheGarageTests.xctest; sourceTree = BUILT_PRODUCTS_DIR; };
		A41BA3BC18F134BA00D1A3C9 /* XCTest.framework */ = {isa = PBXFileReference; lastKnownFileType = wrapper.framework; name = XCTest.framework; path = Library/Frameworks/XCTest.framework; sourceTree = DEVELOPER_DIR; };
		A41BA3C418F134BA00D1A3C9 /* CloseTheGarageTests-Info.plist */ = {isa = PBXFileReference; lastKnownFileType = text.plist.xml; path = "CloseTheGarageTests-Info.plist"; sourceTree = "<group>"; };
		A41BA3C618F134BA00D1A3C9 /* en */ = {isa = PBXFileReference; lastKnownFileType = text.plist.strings; name = en; path = en.lproj/InfoPlist.strings; sourceTree = "<group>"; };
		A41BA3C818F134BA00D1A3C9 /* CloseTheGarageTests.m */ = {isa = PBXFileReference; lastKnownFileType = sourcecode.c.objc; path = CloseTheGarageTests.m; sourceTree = "<group>"; };
/* End PBXFileReference section */

/* Begin PBXFrameworksBuildPhase section */
		A41BA39418F134BA00D1A3C9 /* Frameworks */ = {
			isa = PBXFrameworksBuildPhase;
			buildActionMask = 2147483647;
			files = (
				A41BA39D18F134BA00D1A3C9 /* CoreGraphics.framework in Frameworks */,
				A41BA39F18F134BA00D1A3C9 /* UIKit.framework in Frameworks */,
				A41BA39B18F134BA00D1A3C9 /* Foundation.framework in Frameworks */,
			);
			runOnlyForDeploymentPostprocessing = 0;
		};
		A41BA3B818F134BA00D1A3C9 /* Frameworks */ = {
			isa = PBXFrameworksBuildPhase;
			buildActionMask = 2147483647;
			files = (
				A41BA3BD18F134BA00D1A3C9 /* XCTest.framework in Frameworks */,
				A41BA3BF18F134BA00D1A3C9 /* UIKit.framework in Frameworks */,
				A41BA3BE18F134BA00D1A3C9 /* Foundation.framework in Frameworks */,
			);
			runOnlyForDeploymentPostprocessing = 0;
		};
/* End PBXFrameworksBuildPhase section */

/* Begin PBXGroup section */
		A41BA38E18F134BA00D1A3C9 = {
			isa = PBXGroup;
			children = (
				A41BA3A018F134BA00D1A3C9 /* CloseTheGarage */,
				A41BA3C218F134BA00D1A3C9 /* CloseTheGarageTests */,
				A41BA39918F134BA00D1A3C9 /* Frameworks */,
				A41BA39818F134BA00D1A3C9 /* Products */,
			);
			sourceTree = "<group>";
		};
		A41BA39818F134BA00D1A3C9 /* Products */ = {
			isa = PBXGroup;
			children = (
				A41BA39718F134BA00D1A3C9 /* Close the Garage.app */,
				A41BA3BB18F134BA00D1A3C9 /* CloseTheGarageTests.xctest */,
			);
			name = Products;
			sourceTree = "<group>";
		};
		A41BA39918F134BA00D1A3C9 /* Frameworks */ = {
			isa = PBXGroup;
			children = (
				A41BA39A18F134BA00D1A3C9 /* Foundation.framework */,
				A41BA39C18F134BA00D1A3C9 /* CoreGraphics.framework */,
				A41BA39E18F134BA00D1A3C9 /* UIKit.framework */,
				A41BA3BC18F134BA00D1A3C9 /* XCTest.framework */,
			);
			name = Frameworks;
			sourceTree = "<group>";
		};
		A41BA3A018F134BA00D1A3C9 /* CloseTheGarage */ = {
			isa = PBXGroup;
			children = (
				A41BA3A918F134BA00D1A3C9 /* AppDelegate.h */,
				A41BA3AA18F134BA00D1A3C9 /* AppDelegate.m */,
				A41BA3AC18F134BA00D1A3C9 /* Main_iPhone.storyboard */,
				A41BA3AF18F134BA00D1A3C9 /* Main_iPad.storyboard */,
				A41BA3B218F134BA00D1A3C9 /* ViewController.h */,
				A41BA3B318F134BA00D1A3C9 /* ViewController.m */,
				A41BA3B518F134BA00D1A3C9 /* Images.xcassets */,
				A41BA3A118F134BA00D1A3C9 /* Supporting Files */,
			);
			path = CloseTheGarage;
			sourceTree = "<group>";
		};
		A41BA3A118F134BA00D1A3C9 /* Supporting Files */ = {
			isa = PBXGroup;
			children = (
				A41BA3A218F134BA00D1A3C9 /* CloseTheGarage-Info.plist */,
				A41BA3A318F134BA00D1A3C9 /* InfoPlist.strings */,
				A41BA3A618F134BA00D1A3C9 /* main.m */,
				A41BA3A818F134BA00D1A3C9 /* CloseTheGarage-Prefix.pch */,
			);
			name = "Supporting Files";
			sourceTree = "<group>";
		};
		A41BA3C218F134BA00D1A3C9 /* CloseTheGarageTests */ = {
			isa = PBXGroup;
			children = (
				A41BA3C818F134BA00D1A3C9 /* CloseTheGarageTests.m */,
				A41BA3C318F134BA00D1A3C9 /* Supporting Files */,
			);
			path = CloseTheGarageTests;
			sourceTree = "<group>";
		};
		A41BA3C318F134BA00D1A3C9 /* Supporting Files */ = {
			isa = PBXGroup;
			children = (
				A41BA3C418F134BA00D1A3C9 /* CloseTheGarageTests-Info.plist */,
				A41BA3C518F134BA00D1A3C9 /* InfoPlist.strings */,
			);
			name = "Supporting Files";
			sourceTree = "<group>";
		};
/* End PBXGroup section */

/* Begin PBXNativeTarget section */
		A41BA39618F134BA00D1A3C9 /* CloseTheGarage */ = {
			isa = PBXNativeTarget;
			buildConfigurationList = A41BA3CC18F134BA00D1A3C9 /* Build configuration list for PBXNativeTarget "CloseTheGarage" */;
			buildPhases = (
				A41BA39318F134BA00D1A3C9 /* Sources */,
				A41BA39418F134BA00D1A3C9 /* Frameworks */,
				A41BA39518F134BA00D1A3C9 /* Resources */,
			);
			buildRules = (
			);
			dependencies = (
			);
			name = CloseTheGarage;
			productName = CloseTheGarage;
			productReference = A41BA39718F134BA00D1A3C9 /* Close the Garage.app */;
			productType = "com.apple.product-type.application";
		};
		A41BA3BA18F134BA00D1A3C9 /* CloseTheGarageTests */ = {
			isa = PBXNativeTarget;
			buildConfigurationList = A41BA3CF18F134BA00D1A3C9 /* Build configuration list for PBXNativeTarget "CloseTheGarageTests" */;
			buildPhases = (
				A41BA3B718F134BA00D1A3C9 /* Sources */,
				A41BA3B818F134BA00D1A3C9 /* Frameworks */,
				A41BA3B918F134BA00D1A3C9 /* Resources */,
			);
			buildRules = (
			);
			dependencies = (
				A41BA3C118F134BA00D1A3C9 /* PBXTargetDependency */,
			);
			name = CloseTheGarageTests;
			productName = CloseTheGarageTests;
			productReference = A41BA3BB18F134BA00D1A3C9 /* CloseTheGarageTests.xctest */;
			productType = "com.apple.product-type.bundle.unit-test";
		};
/* End PBXNativeTarget section */

/* Begin PBXProject section */
		A41BA38F18F134BA00D1A3C9 /* Project object */ = {
			isa = PBXProject;
			attributes = {
				LastUpgradeCheck = 0500;
				ORGANIZATIONNAME = "Colton Gyulay";
				TargetAttributes = {
					A41BA3BA18F134BA00D1A3C9 = {
						TestTargetID = A41BA39618F134BA00D1A3C9;
					};
				};
			};
			buildConfigurationList = A41BA39218F134BA00D1A3C9 /* Build configuration list for PBXProject "CloseTheGarage" */;
			compatibilityVersion = "Xcode 3.2";
			developmentRegion = English;
			hasScannedForEncodings = 0;
			knownRegions = (
				en,
				Base,
			);
			mainGroup = A41BA38E18F134BA00D1A3C9;
			productRefGroup = A41BA39818F134BA00D1A3C9 /* Products */;
			projectDirPath = "";
			projectRoot = "";
			targets = (
				A41BA39618F134BA00D1A3C9 /* CloseTheGarage */,
				A41BA3BA18F134BA00D1A3C9 /* CloseTheGarageTests */,
			);
		};
/* End PBXProject section */

/* Begin PBXResourcesBuildPhase section */
		A41BA39518F134BA00D1A3C9 /* Resources */ = {
			isa = PBXResourcesBuildPhase;
			buildActionMask = 2147483647;
			files = (
				A41BA3B118F134BA00D1A3C9 /* Main_iPad.storyboard in Resources */,
				A41BA3B618F134BA00D1A3C9 /* Images.xcassets in Resources */,
				A41BA3AE18F134BA00D1A3C9 /* Main_iPhone.storyboard in Resources */,
				A41BA3A518F134BA00D1A3C9 /* InfoPlist.strings in Resources */,
			);
			runOnlyForDeploymentPostprocessing = 0;
		};
		A41BA3B918F134BA00D1A3C9 /* Resources */ = {
			isa = PBXResourcesBuildPhase;
			buildActionMask = 2147483647;
			files = (
				A41BA3C718F134BA00D1A3C9 /* InfoPlist.strings in Resources */,
			);
			runOnlyForDeploymentPostprocessing = 0;
		};
/* End PBXResourcesBuildPhase section */

/* Begin PBXSourcesBuildPhase section */
		A41BA39318F134BA00D1A3C9 /* Sources */ = {
			isa = PBXSourcesBuildPhase;
			buildActionMask = 2147483647;
			files = (
				A41BA3B418F134BA00D1A3C9 /* ViewController.m in Sources */,
				A41BA3AB18F134BA00D1A3C9 /* AppDelegate.m in Sources */,
				A41BA3A718F134BA00D1A3C9 /* main.m in Sources */,
			);
			runOnlyForDeploymentPostprocessing = 0;
		};
		A41BA3B718F134BA00D1A3C9 /* Sources */ = {
			isa = PBXSourcesBuildPhase;
			buildActionMask = 2147483647;
			files = (
				A41BA3C918F134BA00D1A3C9 /* CloseTheGarageTests.m in Sources */,
			);
			runOnlyForDeploymentPostprocessing = 0;
		};
/* End PBXSourcesBuildPhase section */

/* Begin PBXTargetDependency section */
		A41BA3C118F134BA00D1A3C9 /* PBXTargetDependency */ = {
			isa = PBXTargetDependency;
			target = A41BA39618F134BA00D1A3C9 /* CloseTheGarage */;
			targetProxy = A41BA3C018F134BA00D1A3C9 /* PBXContainerItemProxy */;
		};
/* End PBXTargetDependency section */

/* Begin PBXVariantGroup section */
		A41BA3A318F134BA00D1A3C9 /* InfoPlist.strings */ = {
			isa = PBXVariantGroup;
			children = (
				A41BA3A418F134BA00D1A3C9 /* en */,
			);
			name = InfoPlist.strings;
			sourceTree = "<group>";
		};
		A41BA3AC18F134BA00D1A3C9 /* Main_iPhone.storyboard */ = {
			isa = PBXVariantGroup;
			children = (
				A41BA3AD18F134BA00D1A3C9 /* Base */,
			);
			name = Main_iPhone.storyboard;
			sourceTree = "<group>";
		};
		A41BA3AF18F134BA00D1A3C9 /* Main_iPad.storyboard */ = {
			isa = PBXVariantGroup;
			children = (
				A41BA3B018F134BA00D1A3C9 /* Base */,
			);
			name = Main_iPad.storyboard;
			sourceTree = "<group>";
		};
		A41BA3C518F134BA00D1A3C9 /* InfoPlist.strings */ = {
			isa = PBXVariantGroup;
			children = (
				A41BA3C618F134BA00D1A3C9 /* en */,
			);
			name = InfoPlist.strings;
			sourceTree = "<group>";
		};
/* End PBXVariantGroup section */

/* Begin XCBuildConfiguration section */
		A41BA3CA18F134BA00D1A3C9 /* Debug */ = {
			isa = XCBuildConfiguration;
			buildSettings = {
				ALWAYS_SEARCH_USER_PATHS = NO;
				ARCHS = "$(ARCHS_STANDARD_INCLUDING_64_BIT)";
				CLANG_CXX_LANGUAGE_STANDARD = "gnu++0x";
				CLANG_CXX_LIBRARY = "libc++";
				CLANG_ENABLE_MODULES = YES;
				CLANG_ENABLE_OBJC_ARC = YES;
				CLANG_WARN_BOOL_CONVERSION = YES;
				CLANG_WARN_CONSTANT_CONVERSION = YES;
				CLANG_WARN_DIRECT_OBJC_ISA_USAGE = YES_ERROR;
				CLANG_WARN_EMPTY_BODY = YES;
				CLANG_WARN_ENUM_CONVERSION = YES;
				CLANG_WARN_INT_CONVERSION = YES;
				CLANG_WARN_OBJC_ROOT_CLASS = YES_ERROR;
				CLANG_WARN__DUPLICATE_METHOD_MATCH = YES;
				"CODE_SIGN_IDENTITY[sdk=iphoneos*]" = "iPhone Developer";
				COPY_PHASE_STRIP = NO;
				GCC_C_LANGUAGE_STANDARD = gnu99;
				GCC_DYNAMIC_NO_PIC = NO;
				GCC_OPTIMIZATION_LEVEL = 0;
				GCC_PREPROCESSOR_DEFINITIONS = (
					"DEBUG=1",
					"$(inherited)",
				);
				GCC_SYMBOLS_PRIVATE_EXTERN = NO;
				GCC_WARN_64_TO_32_BIT_CONVERSION = YES;
				GCC_WARN_ABOUT_RETURN_TYPE = YES_ERROR;
				GCC_WARN_UNDECLARED_SELECTOR = YES;
				GCC_WARN_UNINITIALIZED_AUTOS = YES;
				GCC_WARN_UNUSED_FUNCTION = YES;
				GCC_WARN_UNUSED_VARIABLE = YES;
				IPHONEOS_DEPLOYMENT_TARGET = 7.0;
				ONLY_ACTIVE_ARCH = YES;
				SDKROOT = iphoneos;
				TARGETED_DEVICE_FAMILY = "1,2";
			};
			name = Debug;
		};
		A41BA3CB18F134BA00D1A3C9 /* Release */ = {
			isa = XCBuildConfiguration;
			buildSettings = {
				ALWAYS_SEARCH_USER_PATHS = NO;
				ARCHS = "$(ARCHS_STANDARD_INCLUDING_64_BIT)";
				CLANG_CXX_LANGUAGE_STANDARD = "gnu++0x";
				CLANG_CXX_LIBRARY = "libc++";
				CLANG_ENABLE_MODULES = YES;
				CLANG_ENABLE_OBJC_ARC = YES;
				CLANG_WARN_BOOL_CONVERSION = YES;
				CLANG_WARN_CONSTANT_CONVERSION = YES;
				CLANG_WARN_DIRECT_OBJC_ISA_USAGE = YES_ERROR;
				CLANG_WARN_EMPTY_BODY = YES;
				CLANG_WARN_ENUM_CONVERSION = YES;
				CLANG_WARN_INT_CONVERSION = YES;
				CLANG_WARN_OBJC_ROOT_CLASS = YES_ERROR;
				CLANG_WARN__DUPLICATE_METHOD_MATCH = YES;
				"CODE_SIGN_IDENTITY[sdk=iphoneos*]" = "iPhone Developer";
				COPY_PHASE_STRIP = YES;
				ENABLE_NS_ASSERTIONS = NO;
				GCC_C_LANGUAGE_STANDARD = gnu99;
				GCC_WARN_64_TO_32_BIT_CONVERSION = YES;
				GCC_WARN_ABOUT_RETURN_TYPE = YES_ERROR;
				GCC_WARN_UNDECLARED_SELECTOR = YES;
				GCC_WARN_UNINITIALIZED_AUTOS = YES;
				GCC_WARN_UNUSED_FUNCTION = YES;
				GCC_WARN_UNUSED_VARIABLE = YES;
				IPHONEOS_DEPLOYMENT_TARGET = 7.0;
				SDKROOT = iphoneos;
				TARGETED_DEVICE_FAMILY = "1,2";
				VALIDATE_PRODUCT = YES;
			};
			name = Release;
		};
		A41BA3CD18F134BA00D1A3C9 /* Debug */ = {
			isa = XCBuildConfiguration;
			buildSettings = {
				ASSETCATALOG_COMPILER_APPICON_NAME = AppIcon;
				ASSETCATALOG_COMPILER_LAUNCHIMAGE_NAME = LaunchImage;
				GCC_PRECOMPILE_PREFIX_HEADER = YES;
				GCC_PREFIX_HEADER = "CloseTheGarage/CloseTheGarage-Prefix.pch";
				INFOPLIST_FILE = "CloseTheGarage/CloseTheGarage-Info.plist";
				PRODUCT_NAME = "Close the Garage";
				WRAPPER_EXTENSION = app;
			};
			name = Debug;
		};
		A41BA3CE18F134BA00D1A3C9 /* Release */ = {
			isa = XCBuildConfiguration;
			buildSettings = {
				ASSETCATALOG_COMPILER_APPICON_NAME = AppIcon;
				ASSETCATALOG_COMPILER_LAUNCHIMAGE_NAME = LaunchImage;
				GCC_PRECOMPILE_PREFIX_HEADER = YES;
				GCC_PREFIX_HEADER = "CloseTheGarage/CloseTheGarage-Prefix.pch";
				INFOPLIST_FILE = "CloseTheGarage/CloseTheGarage-Info.plist";
				PRODUCT_NAME = "Close the Garage";
				WRAPPER_EXTENSION = app;
			};
			name = Release;
		};
		A41BA3D018F134BA00D1A3C9 /* Debug */ = {
			isa = XCBuildConfiguration;
			buildSettings = {
				ARCHS = "$(ARCHS_STANDARD_INCLUDING_64_BIT)";
				BUNDLE_LOADER = "$(BUILT_PRODUCTS_DIR)/CloseTheGarage.app/CloseTheGarage";
				FRAMEWORK_SEARCH_PATHS = (
					"$(SDKROOT)/Developer/Library/Frameworks",
					"$(inherited)",
					"$(DEVELOPER_FRAMEWORKS_DIR)",
				);
				GCC_PRECOMPILE_PREFIX_HEADER = YES;
				GCC_PREFIX_HEADER = "CloseTheGarage/CloseTheGarage-Prefix.pch";
				GCC_PREPROCESSOR_DEFINITIONS = (
					"DEBUG=1",
					"$(inherited)",
				);
				INFOPLIST_FILE = "CloseTheGarageTests/CloseTheGarageTests-Info.plist";
				PRODUCT_NAME = "$(TARGET_NAME)";
				TEST_HOST = "$(BUNDLE_LOADER)";
				WRAPPER_EXTENSION = xctest;
			};
			name = Debug;
		};
		A41BA3D118F134BA00D1A3C9 /* Release */ = {
			isa = XCBuildConfiguration;
			buildSettings = {
				ARCHS = "$(ARCHS_STANDARD_INCLUDING_64_BIT)";
				BUNDLE_LOADER = "$(BUILT_PRODUCTS_DIR)/CloseTheGarage.app/CloseTheGarage";
				FRAMEWORK_SEARCH_PATHS = (
					"$(SDKROOT)/Developer/Library/Frameworks",
					"$(inherited)",
					"$(DEVELOPER_FRAMEWORKS_DIR)",
				);
				GCC_PRECOMPILE_PREFIX_HEADER = YES;
				GCC_PREFIX_HEADER = "CloseTheGarage/CloseTheGarage-Prefix.pch";
				INFOPLIST_FILE = "CloseTheGarageTests/CloseTheGarageTests-Info.plist";
				PRODUCT_NAME = "$(TARGET_NAME)";
				TEST_HOST = "$(BUNDLE_LOADER)";
				WRAPPER_EXTENSION = xctest;
			};
			name = Release;
		};
/* End XCBuildConfiguration section */

/* Begin XCConfigurationList section */
		A41BA39218F134BA00D1A3C9 /* Build configuration list for PBXProject "CloseTheGarage" */ = {
			isa = XCConfigurationList;
			buildConfigurations = (
				A41BA3CA18F134BA00D1A3C9 /* Debug */,
				A41BA3CB18F134BA00D1A3C9 /* Release */,
			);
			defaultConfigurationIsVisible = 0;
			defaultConfigurationName = Release;
		};
		A41BA3CC18F134BA00D1A3C9 /* Build configuration list for PBXNativeTarget "CloseTheGarage" */ = {
			isa = XCConfigurationList;
			buildConfigurations = (
				A41BA3CD18F134BA00D1A3C9 /* Debug */,
				A41BA3CE18F134BA00D1A3C9 /* Release */,
			);
			defaultConfigurationIsVisible = 0;
		};
		A41BA3CF18F134BA00D1A3C9 /* Build configuration list for PBXNativeTarget "CloseTheGarageTests" */ = {
			isa = XCConfigurationList;
			buildConfigurations = (
				A41BA3D018F134BA00D1A3C9 /* Debug */,
				A41BA3D118F134BA00D1A3C9 /* Release */,
			);
			defaultConfigurationIsVisible = 0;
		};
/* End XCConfigurationList section */
	};
	rootObject = A41BA38F18F134BA00D1A3C9 /* Project object */;
}
